Microsoft Visual Studio Solution File, Format Version 12.00
# Visual Studio Version 17
VisualStudioVersion = 17.5.2.0
MinimumVisualStudioVersion = 10.0.40219.1
Project("{FAE04EC0-301F-11D3-BF4B-00C04F79EFBC}") = "AuditSoftware", "AuditSoftware.csproj", "{01D1CC7D-E645-653E-C6A4-A07676C4A0D0}"
EndProject
Global
	GlobalSection(SolutionConfigurationPlatforms) = preSolution
		Debug|Any CPU = Debug|Any CPU
		Release|Any CPU = Release|Any CPU
	EndGlobalSection
	GlobalSection(ProjectConfigurationPlatforms) = postSolution
		{01D1CC7D-E645-653E-C6A4-A07676C4A0D0}.Debug|Any CPU.ActiveCfg = Debug|Any CPU
		{01D1CC7D-E645-653E-C6A4-A07676C4A0D0}.Debug|Any CPU.Build.0 = Debug|Any CPU
		{01D1CC7D-E645-653E-C6A4-A07676C4A0D0}.Release|Any CPU.ActiveCfg = Release|Any CPU
		{01D1CC7D-E645-653E-C6A4-A07676C4A0D0}.Release|Any CPU.Build.0 = Release|Any CPU
	EndGlobalSection
	GlobalSection(SolutionProperties) = preSolution
		HideSolutionNode = FALSE
	EndGlobalSection
	GlobalSection(ExtensibilityGlobals) = postSolution
		SolutionGuid = {F2BC0F3E-9566-4C45-AB91-A54DA3DA81FA}
	EndGlobalSection
EndGlobal
